
Microsoft Visual Studio Solution File, Format Version 12.00
# Visual Studio Version 16
VisualStudioVersion = 16.0.31424.327
MinimumVisualStudioVersion = 10.0.40219.1
Project("{FAE04EC0-301F-11D3-BF4B-00C04F79EFBC}") = "Projeto Facul", "Projeto Facul\Projeto Facul.csproj", "{668E6F02-092A-46DA-A80C-082DF3BDC92A}"
EndProject
Global
	GlobalSection(SolutionConfigurationPlatforms) = preSolution
		Debug|Any CPU = Debug|Any CPU
		Release|Any CPU = Release|Any CPU
	EndGlobalSection
	GlobalSection(ProjectConfigurationPlatforms) = postSolution
		{668E6F02-092A-46DA-A80C-082DF3BDC92A}.Debug|Any CPU.ActiveCfg = Debug|Any CPU
		{668E6F02-092A-46DA-A80C-082DF3BDC92A}.Debug|Any CPU.Build.0 = Debug|Any CPU
		{668E6F02-092A-46DA-A80C-082DF3BDC92A}.Release|Any CPU.ActiveCfg = Release|Any CPU
		{668E6F02-092A-46DA-A80C-082DF3BDC92A}.Release|Any CPU.Build.0 = Release|Any CPU
	EndGlobalSection
	GlobalSection(SolutionProperties) = preSolution
		HideSolutionNode = FALSE
	EndGlobalSection
	GlobalSection(ExtensibilityGlobals) = postSolution
		SolutionGuid = {0E41F32C-1D50-457A-A4A3-FD51E9F6B58C}
	EndGlobalSection
EndGlobal
